# THIS IS AN AUTOGENERATED FILE. DO NOT EDIT THIS FILE DIRECTLY.
# yarn lockfile v1


"@autogen-export/core@^1.0.3":
  version "1.0.3"
  resolved "https://registry.yarnpkg.com/@autogen-export/core/-/core-1.0.3.tgz#04267d28ebb2d3e659cf11a364fb67278c0992e3"
  integrity sha512-KTVfJbTJvCZ0i0iGOYPkyttEsKwMx9/6HLCJOOMJTkT/AkkhGbeRCKKXie7Sr7ynfHiH6Zf3Kvd0v4CxI2yVUw==
